// !$*UTF8*$!
{
	archiveVersion = 1;
	classes = {
	};
	objectVersion = 46;
	objects = {

/* Begin PBXBuildFile section */
		2BDA83381D64C28600EC6609 /* AppDelegate.swift in Sources */ = {isa = PBXBuildFile; fileRef = 2BDA83371D64C28600EC6609 /* AppDelegate.swift */; };
		2BDA833A1D64C28600EC6609 /* ViewController.swift in Sources */ = {isa = PBXBuildFile; fileRef = 2BDA83391D64C28600EC6609 /* ViewController.swift */; };
		2BDA833D1D64C28600EC6609 /* Main.storyboard in Resources */ = {isa = PBXBuildFile; fileRef = 2BDA833B1D64C28600EC6609 /* Main.storyboard */; };
		2BDA833F1D64C28600EC6609 /* Assets.xcassets in Resources */ = {isa = PBXBuildFile; fileRef = 2BDA833E1D64C28600EC6609 /* Assets.xcassets */; };
		2BDA83421D64C28600EC6609 /* LaunchScreen.storyboard in Resources */ = {isa = PBXBuildFile; fileRef = 2BDA83401D64C28600EC6609 /* LaunchScreen.storyboard */; };
/* End PBXBuildFile section */

/* Begin PBXFileReference section */
		2BDA83341D64C28600EC6609 /* Spit.app */ = {isa = PBXFileReference; explicitFileType = wrapper.application; includeInIndex = 0; path = Spit.app; sourceTree = BUILT_PRODUCTS_DIR; };
		2BDA83371D64C28600EC6609 /* AppDelegate.swift */ = {isa = PBXFileReference; lastKnownFileType = sourcecode.swift; path = AppDelegate.swift; sourceTree = "<group>"; };
		2BDA83391D64C28600EC6609 /* ViewController.swift */ = {isa = PBXFileReference; lastKnownFileType = sourcecode.swift; path = ViewController.swift; sourceTree = "<group>"; };
		2BDA833C1D64C28600EC6609 /* Base */ = {isa = PBXFileReference; lastKnownFileType = file.storyboard; name = Base; path = Base.lproj/Main.storyboard; sourceTree = "<group>"; };
		2BDA833E1D64C28600EC6609 /* Assets.xcassets */ = {isa = PBXFileReference; lastKnownFileType = folder.assetcatalog; path = Assets.xcassets; sourceTree = "<group>"; };
		2BDA83411D64C28600EC6609 /* Base */ = {isa = PBXFileReference; lastKnownFileType = file.storyboard; name = Base; path = Base.lproj/LaunchScreen.storyboard; sourceTree = "<group>"; };
		2BDA83431D64C28600EC6609 /* Info.plist */ = {isa = PBXFileReference; lastKnownFileType = text.plist.xml; path = Info.plist; sourceTree = "<group>"; };
/* End PBXFileReference section */

/* Begin PBXFrameworksBuildPhase section */
		2BDA83311D64C28600EC6609 /* Frameworks */ = {
			isa = PBXFrameworksBuildPhase;
			buildActionMask = 2147483647;
			files = (
			);
			runOnlyForDeploymentPostprocessing = 0;
		};
/* End PBXFrameworksBuildPhase section */

/* Begin PBXGroup section */
		2BDA832B1D64C28600EC6609 = {
			isa = PBXGroup;
			children = (
				2BDA83361D64C28600EC6609 /* Spit */,
				2BDA83351D64C28600EC6609 /* Products */,
			);
			sourceTree = "<group>";
		};
		2BDA83351D64C28600EC6609 /* Products */ = {
			isa = PBXGroup;
			children = (
				2BDA83341D64C28600EC6609 /* Spit.app */,
			);
			name = Products;
			sourceTree = "<group>";
		};
		2BDA83361D64C28600EC6609 /* Spit */ = {
			isa = PBXGroup;
			children = (
				2BDA83371D64C28600EC6609 /* AppDelegate.swift */,
				2BDA83391D64C28600EC6609 /* ViewController.swift */,
				2BDA833B1D64C28600EC6609 /* Main.storyboard */,
				2BDA833E1D64C28600EC6609 /* Assets.xcassets */,
				2BDA83401D64C28600EC6609 /* LaunchScreen.storyboard */,
				2BDA83431D64C28600EC6609 /* Info.plist */,
			);
			path = Spit;
			sourceTree = "<group>";
		};
/* End PBXGroup section */

/* Begin PBXNativeTarget section */
		2BDA83331D64C28600EC6609 /* Spit */ = {
			isa = PBXNativeTarget;
			buildConfigurationList = 2BDA83461D64C28600EC6609 /* Build configuration list for PBXNativeTarget "Spit" */;
			buildPhases = (
				2BDA83301D64C28600EC6609 /* Sources */,
				2BDA83311D64C28600EC6609 /* Frameworks */,
				2BDA83321D64C28600EC6609 /* Resources */,
			);
			buildRules = (
			);
			dependencies = (
			);
			name = Spit;
			productName = Spit;
			productReference = 2BDA83341D64C28600EC6609 /* Spit.app */;
			productType = "com.apple.product-type.application";
		};
/* End PBXNativeTarget section */

/* Begin PBXProject section */
		2BDA832C1D64C28600EC6609 /* Project object */ = {
			isa = PBXProject;
			attributes = {
				LastSwiftUpdateCheck = 0730;
				LastUpgradeCheck = 0730;
				ORGANIZATIONNAME = "Flatiron School";
				TargetAttributes = {
					2BDA83331D64C28600EC6609 = {
						CreatedOnToolsVersion = 7.3;
					};
				};
			};
			buildConfigurationList = 2BDA832F1D64C28600EC6609 /* Build configuration list for PBXProject "Spit" */;
			compatibilityVersion = "Xcode 3.2";
			developmentRegion = English;
			hasScannedForEncodings = 0;
			knownRegions = (
				en,
				Base,
			);
			mainGroup = 2BDA832B1D64C28600EC6609;
			productRefGroup = 2BDA83351D64C28600EC6609 /* Products */;
			projectDirPath = "";
			projectRoot = "";
			targets = (
				2BDA83331D64C28600EC6609 /* Spit */,
			);
		};
/* End PBXProject section */

/* Begin PBXResourcesBuildPhase section */
		2BDA83321D64C28600EC6609 /* Resources */ = {
			isa = PBXResourcesBuildPhase;
			buildActionMask = 2147483647;
			files = (
				2BDA83421D64C28600EC6609 /* LaunchScreen.storyboard in Resources */,
				2BDA833F1D64C28600EC6609 /* Assets.xcassets in Resources */,
				2BDA833D1D64C28600EC6609 /* Main.storyboard in Resources */,
			);
			runOnlyForDeploymentPostprocessing = 0;
		};
/* End PBXResourcesBuildPhase section */

/* Begin PBXSourcesBuildPhase section */
		2BDA83301D64C28600EC6609 /* Sources */ = {
			isa = PBXSourcesBuildPhase;
			buildActionMask = 2147483647;
			files = (
				2BDA833A1D64C28600EC6609 /* ViewController.swift in Sources */,
				2BDA83381D64C28600EC6609 /* AppDelegate.swift in Sources */,
			);
			runOnlyForDeploymentPostprocessing = 0;
		};
/* End PBXSourcesBuildPhase section */

/* Begin PBXVariantGroup section */
		2BDA833B1D64C28600EC6609 /* Main.storyboard */ = {
			isa = PBXVariantGroup;
			children = (
				2BDA833C1D64C28600EC6609 /* Base */,
			);
			name = Main.storyboard;
			sourceTree = "<group>";
		};
		2BDA83401D64C28600EC6609 /* LaunchScreen.storyboard */ = {
			isa = PBXVariantGroup;
			children = (
				2BDA83411D64C28600EC6609 /* Base */,
			);
			name = LaunchScreen.storyboard;
			sourceTree = "<group>";
		};
/* End PBXVariantGroup section */

/* Begin XCBuildConfiguration section */
		2BDA83441D64C28600EC6609 /* Debug */ = {
			isa = XCBuildConfiguration;
			buildSettings = {
				ALWAYS_SEARCH_USER_PATHS = NO;
				CLANG_ANALYZER_NONNULL = YES;
				CLANG_CXX_LANGUAGE_STANDARD = "gnu++0x";
				CLANG_CXX_LIBRARY = "libc++";
				CLANG_ENABLE_MODULES = YES;
				CLANG_ENABLE_OBJC_ARC = YES;
				CLANG_WARN_BOOL_CONVERSION = YES;
				CLANG_WARN_CONSTANT_CONVERSION = YES;
				CLANG_WARN_DIRECT_OBJC_ISA_USAGE = YES_ERROR;
				CLANG_WARN_EMPTY_BODY = YES;
				CLANG_WARN_ENUM_CONVERSION = YES;
				CLANG_WARN_INT_CONVERSION = YES;
				CLANG_WARN_OBJC_ROOT_CLASS = YES_ERROR;
				CLANG_WARN_UNREACHABLE_CODE = YES;
				CLANG_WARN__DUPLICATE_METHOD_MATCH = YES;
				"CODE_SIGN_IDENTITY[sdk=iphoneos*]" = "iPhone Developer";
				COPY_PHASE_STRIP = NO;
				DEBUG_INFORMATION_FORMAT = dwarf;
				ENABLE_STRICT_OBJC_MSGSEND = YES;
				ENABLE_TESTABILITY = YES;
				GCC_C_LANGUAGE_STANDARD = gnu99;
				GCC_DYNAMIC_NO_PIC = NO;
				GCC_NO_COMMON_BLOCKS = YES;
				GCC_OPTIMIZATION_LEVEL = 0;
				GCC_PREPROCESSOR_DEFINITIONS = (
					"DEBUG=1",
					"$(inherited)",
				);
				GCC_WARN_64_TO_32_BIT_CONVERSION = YES;
				GCC_WARN_ABOUT_RETURN_TYPE = YES_ERROR;
				GCC_WARN_UNDECLARED_SELECTOR = YES;
				GCC_WARN_UNINITIALIZED_AUTOS = YES_AGGRESSIVE;
				GCC_WARN_UNUSED_FUNCTION = YES;
				GCC_WARN_UNUSED_VARIABLE = YES;
				IPHONEOS_DEPLOYMENT_TARGET = 9.3;
				MTL_ENABLE_DEBUG_INFO = YES;
				ONLY_ACTIVE_ARCH = YES;
				SDKROOT = iphoneos;
				SWIFT_OPTIMIZATION_LEVEL = "-Onone";
				TARGETED_DEVICE_FAMILY = "1,2";
			};
			name = Debug;
		};
		2BDA83451D64C28600EC6609 /* Release */ = {
			isa = XCBuildConfiguration;
			buildSettings = {
				ALWAYS_SEARCH_USER_PATHS = NO;
				CLANG_ANALYZER_NONNULL = YES;
				CLANG_CXX_LANGUAGE_STANDARD = "gnu++0x";
				CLANG_CXX_LIBRARY = "libc++";
				CLANG_ENABLE_MODULES = YES;
				CLANG_ENABLE_OBJC_ARC = YES;
				CLANG_WARN_BOOL_CONVERSION = YES;
				CLANG_WARN_CONSTANT_CONVERSION = YES;
				CLANG_WARN_DIRECT_OBJC_ISA_USAGE = YES_ERROR;
				CLANG_WARN_EMPTY_BODY = YES;
				CLANG_WARN_ENUM_CONVERSION = YES;
				CLANG_WARN_INT_CONVERSION = YES;
				CLANG_WARN_OBJC_ROOT_CLASS = YES_ERROR;
				CLANG_WARN_UNREACHABLE_CODE = YES;
				CLANG_WARN__DUPLICATE_METHOD_MATCH = YES;
				"CODE_SIGN_IDENTITY[sdk=iphoneos*]" = "iPhone Developer";
				COPY_PHASE_STRIP = NO;
				DEBUG_INFORMATION_FORMAT = "dwarf-with-dsym";
				ENABLE_NS_ASSERTIONS = NO;
				ENABLE_STRICT_OBJC_MSGSEND = YES;
				GCC_C_LANGUAGE_STANDARD = gnu99;
				GCC_NO_COMMON_BLOCKS = YES;
				GCC_WARN_64_TO_32_BIT_CONVERSION = YES;
				GCC_WARN_ABOUT_RETURN_TYPE = YES_ERROR;
				GCC_WARN_UNDECLARED_SELECTOR = YES;
				GCC_WARN_UNINITIALIZED_AUTOS = YES_AGGRESSIVE;
				GCC_WARN_UNUSED_FUNCTION = YES;
				GCC_WARN_UNUSED_VARIABLE = YES;
				IPHONEOS_DEPLOYMENT_TARGET = 9.3;
				MTL_ENABLE_DEBUG_INFO = NO;
				SDKROOT = iphoneos;
				TARGETED_DEVICE_FAMILY = "1,2";
				VALIDATE_PRODUCT = YES;
			};
			name = Release;
		};
		2BDA83471D64C28600EC6609 /* Debug */ = {
			isa = XCBuildConfiguration;
			buildSettings = {
				ASSETCATALOG_COMPILER_APPICON_NAME = AppIcon;
				INFOPLIST_FILE = Spit/Info.plist;
				LD_RUNPATH_SEARCH_PATHS = "$(inherited) @executable_path/Frameworks";
				PRODUCT_BUNDLE_IDENTIFIER = com.flatironschool.Spit;
				PRODUCT_NAME = "$(TARGET_NAME)";
			};
			name = Debug;
		};
		2BDA83481D64C28600EC6609 /* Release */ = {
			isa = XCBuildConfiguration;
			buildSettings = {
				ASSETCATALOG_COMPILER_APPICON_NAME = AppIcon;
				INFOPLIST_FILE = Spit/Info.plist;
				LD_RUNPATH_SEARCH_PATHS = "$(inherited) @executable_path/Frameworks";
				PRODUCT_BUNDLE_IDENTIFIER = com.flatironschool.Spit;
				PRODUCT_NAME = "$(TARGET_NAME)";
			};
			name = Release;
		};
/* End XCBuildConfiguration section */

/* Begin XCConfigurationList section */
		2BDA832F1D64C28600EC6609 /* Build configuration list for PBXProject "Spit" */ = {
			isa = XCConfigurationList;
			buildConfigurations = (
				2BDA83441D64C28600EC6609 /* Debug */,
				2BDA83451D64C28600EC6609 /* Release */,
			);
			defaultConfigurationIsVisible = 0;
			defaultConfigurationName = Release;
		};
		2BDA83461D64C28600EC6609 /* Build configuration list for PBXNativeTarget "Spit" */ = {
			isa = XCConfigurationList;
			buildConfigurations = (
				2BDA83471D64C28600EC6609 /* Debug */,
				2BDA83481D64C28600EC6609 /* Release */,
			);
			defaultConfigurationIsVisible = 0;
		};
/* End XCConfigurationList section */
	};
	rootObject = 2BDA832C1D64C28600EC6609 /* Project object */;
}
